// !$*UTF8*$!
{
	archiveVersion = 1;
	classes = {
	};
	objectVersion = 56;
	objects = {

/* Begin PBXBuildFile section */
		18211EEF2AB444AF00004F3E /* GoogleService-Info.plist in Resources */ = {isa = PBXBuildFile; fileRef = 18211EEE2AB444AF00004F3E /* GoogleService-Info.plist */; };
		18211EF22AB445EF00004F3E /* FirebaseAuth in Frameworks */ = {isa = PBXBuildFile; productRef = 18211EF12AB445EF00004F3E /* FirebaseAuth */; };
		18211EF42AB445EF00004F3E /* FirebaseFirestore in Frameworks */ = {isa = PBXBuildFile; productRef = 18211EF32AB445EF00004F3E /* FirebaseFirestore */; };
		18211EF62AB445EF00004F3E /* FirebaseFirestoreCombine-Community in Frameworks */ = {isa = PBXBuildFile; productRef = 18211EF52AB445EF00004F3E /* FirebaseFirestoreCombine-Community */; };
		18211EF82AB445EF00004F3E /* FirebaseFirestoreSwift in Frameworks */ = {isa = PBXBuildFile; productRef = 18211EF72AB445EF00004F3E /* FirebaseFirestoreSwift */; };
		18211EFA2AB445EF00004F3E /* FirebaseStorage in Frameworks */ = {isa = PBXBuildFile; productRef = 18211EF92AB445EF00004F3E /* FirebaseStorage */; };
		18211EFC2AB445EF00004F3E /* FirebaseStorageCombine-Community in Frameworks */ = {isa = PBXBuildFile; productRef = 18211EFB2AB445EF00004F3E /* FirebaseStorageCombine-Community */; };
		18211F032AB4523000004F3E /* Restaurant.swift in Sources */ = {isa = PBXBuildFile; fileRef = 18211F022AB4523000004F3E /* Restaurant.swift */; };
		18211F052AB4538200004F3E /* Review.swift in Sources */ = {isa = PBXBuildFile; fileRef = 18211F042AB4538200004F3E /* Review.swift */; };
		18211F072AB454B900004F3E /* RestaurantViewModel.swift in Sources */ = {isa = PBXBuildFile; fileRef = 18211F062AB454B900004F3E /* RestaurantViewModel.swift */; };
		18211F0A2AB466E800004F3E /* ImagePicker.swift in Sources */ = {isa = PBXBuildFile; fileRef = 18211F092AB466E800004F3E /* ImagePicker.swift */; };
		18211F0E2AB4737800004F3E /* ContentView.swift in Sources */ = {isa = PBXBuildFile; fileRef = 18211F0D2AB4737800004F3E /* ContentView.swift */; };
		64A137E82AB83C8400D798F4 /* ListView.swift in Sources */ = {isa = PBXBuildFile; fileRef = 64A137E72AB83C8400D798F4 /* ListView.swift */; };
		64A137EA2AB83CA600D798F4 /* RatingStarView.swift in Sources */ = {isa = PBXBuildFile; fileRef = 64A137E92AB83CA600D798F4 /* RatingStarView.swift */; };
		64A137EC2AB83CBD00D798F4 /* MainView.swift in Sources */ = {isa = PBXBuildFile; fileRef = 64A137EB2AB83CBD00D798F4 /* MainView.swift */; };
		64B09E742AB6332400C99904 /* MapView.swift in Sources */ = {isa = PBXBuildFile; fileRef = 64B09E722AB6332400C99904 /* MapView.swift */; };
		64B09E752AB6332400C99904 /* RestaurantDetailView.swift in Sources */ = {isa = PBXBuildFile; fileRef = 64B09E732AB6332400C99904 /* RestaurantDetailView.swift */; };
		A33B63062AAB67E2007A8753 /* iOS_GroupProjectApp.swift in Sources */ = {isa = PBXBuildFile; fileRef = A33B63052AAB67E2007A8753 /* iOS_GroupProjectApp.swift */; };
		A33B630A2AAB67E5007A8753 /* Assets.xcassets in Resources */ = {isa = PBXBuildFile; fileRef = A33B63092AAB67E5007A8753 /* Assets.xcassets */; };
		A33B630D2AAB67E5007A8753 /* Preview Assets.xcassets in Resources */ = {isa = PBXBuildFile; fileRef = A33B630C2AAB67E5007A8753 /* Preview Assets.xcassets */; };
		A3A60F142AB6163300BD8083 /* UserView.swift in Sources */ = {isa = PBXBuildFile; fileRef = A3A60F132AB6163200BD8083 /* UserView.swift */; };
		A3A60F172AB6164600BD8083 /* SignUpView.swift in Sources */ = {isa = PBXBuildFile; fileRef = A3A60F152AB6164600BD8083 /* SignUpView.swift */; };
		A3A60F182AB6164600BD8083 /* LogInView.swift in Sources */ = {isa = PBXBuildFile; fileRef = A3A60F162AB6164600BD8083 /* LogInView.swift */; };
		A3A60F1D2AB62A7200BD8083 /* ImageView.swift in Sources */ = {isa = PBXBuildFile; fileRef = A3A60F1C2AB62A7200BD8083 /* ImageView.swift */; };
		A3A60F1F2AB62A8400BD8083 /* RestaurantView.swift in Sources */ = {isa = PBXBuildFile; fileRef = A3A60F1E2AB62A8400BD8083 /* RestaurantView.swift */; };
		AE0641452AB6D09900079E23 /* CategoryView.swift in Sources */ = {isa = PBXBuildFile; fileRef = AE0641442AB6D09900079E23 /* CategoryView.swift */; };
		AE0641472AB6D0D600079E23 /* FilterOptionView.swift in Sources */ = {isa = PBXBuildFile; fileRef = AE0641462AB6D0D600079E23 /* FilterOptionView.swift */; };
		AE0641492AB6D0DD00079E23 /* SearchView.swift in Sources */ = {isa = PBXBuildFile; fileRef = AE0641482AB6D0DD00079E23 /* SearchView.swift */; };
		AE1173A32AB94EC000DAD0FC /* HomeView.swift in Sources */ = {isa = PBXBuildFile; fileRef = AE1173A22AB94EC000DAD0FC /* HomeView.swift */; };
		AE1173A52AB951D600DAD0FC /* RestaurantCardView.swift in Sources */ = {isa = PBXBuildFile; fileRef = AE1173A42AB951D600DAD0FC /* RestaurantCardView.swift */; };
/* End PBXBuildFile section */

/* Begin PBXFileReference section */
		18211EEE2AB444AF00004F3E /* GoogleService-Info.plist */ = {isa = PBXFileReference; fileEncoding = 4; lastKnownFileType = text.plist.xml; path = "GoogleService-Info.plist"; sourceTree = "<group>"; };
		18211F022AB4523000004F3E /* Restaurant.swift */ = {isa = PBXFileReference; lastKnownFileType = sourcecode.swift; path = Restaurant.swift; sourceTree = "<group>"; };
		18211F042AB4538200004F3E /* Review.swift */ = {isa = PBXFileReference; lastKnownFileType = sourcecode.swift; path = Review.swift; sourceTree = "<group>"; };
		18211F062AB454B900004F3E /* RestaurantViewModel.swift */ = {isa = PBXFileReference; lastKnownFileType = sourcecode.swift; path = RestaurantViewModel.swift; sourceTree = "<group>"; };
		18211F092AB466E800004F3E /* ImagePicker.swift */ = {isa = PBXFileReference; lastKnownFileType = sourcecode.swift; path = ImagePicker.swift; sourceTree = "<group>"; };
		18211F0D2AB4737800004F3E /* ContentView.swift */ = {isa = PBXFileReference; fileEncoding = 4; lastKnownFileType = sourcecode.swift; path = ContentView.swift; sourceTree = "<group>"; };
		64A137E72AB83C8400D798F4 /* ListView.swift */ = {isa = PBXFileReference; lastKnownFileType = sourcecode.swift; path = ListView.swift; sourceTree = "<group>"; };
		64A137E92AB83CA600D798F4 /* RatingStarView.swift */ = {isa = PBXFileReference; lastKnownFileType = sourcecode.swift; path = RatingStarView.swift; sourceTree = "<group>"; };
		64A137EB2AB83CBD00D798F4 /* MainView.swift */ = {isa = PBXFileReference; lastKnownFileType = sourcecode.swift; path = MainView.swift; sourceTree = "<group>"; };
		64B09E722AB6332400C99904 /* MapView.swift */ = {isa = PBXFileReference; fileEncoding = 4; lastKnownFileType = sourcecode.swift; path = MapView.swift; sourceTree = "<group>"; };
		64B09E732AB6332400C99904 /* RestaurantDetailView.swift */ = {isa = PBXFileReference; fileEncoding = 4; lastKnownFileType = sourcecode.swift; path = RestaurantDetailView.swift; sourceTree = "<group>"; };
		A33B63022AAB67E2007A8753 /* iOS_GroupProject.app */ = {isa = PBXFileReference; explicitFileType = wrapper.application; includeInIndex = 0; path = iOS_GroupProject.app; sourceTree = BUILT_PRODUCTS_DIR; };
		A33B63052AAB67E2007A8753 /* iOS_GroupProjectApp.swift */ = {isa = PBXFileReference; lastKnownFileType = sourcecode.swift; path = iOS_GroupProjectApp.swift; sourceTree = "<group>"; };
		A33B63092AAB67E5007A8753 /* Assets.xcassets */ = {isa = PBXFileReference; lastKnownFileType = folder.assetcatalog; path = Assets.xcassets; sourceTree = "<group>"; };
		A33B630C2AAB67E5007A8753 /* Preview Assets.xcassets */ = {isa = PBXFileReference; lastKnownFileType = folder.assetcatalog; path = "Preview Assets.xcassets"; sourceTree = "<group>"; };
		A3A60F132AB6163200BD8083 /* UserView.swift */ = {isa = PBXFileReference; fileEncoding = 4; lastKnownFileType = sourcecode.swift; path = UserView.swift; sourceTree = "<group>"; };
		A3A60F152AB6164600BD8083 /* SignUpView.swift */ = {isa = PBXFileReference; fileEncoding = 4; lastKnownFileType = sourcecode.swift; path = SignUpView.swift; sourceTree = "<group>"; };
		A3A60F162AB6164600BD8083 /* LogInView.swift */ = {isa = PBXFileReference; fileEncoding = 4; lastKnownFileType = sourcecode.swift; path = LogInView.swift; sourceTree = "<group>"; };
		A3A60F1C2AB62A7200BD8083 /* ImageView.swift */ = {isa = PBXFileReference; lastKnownFileType = sourcecode.swift; path = ImageView.swift; sourceTree = "<group>"; };
		A3A60F1E2AB62A8400BD8083 /* RestaurantView.swift */ = {isa = PBXFileReference; lastKnownFileType = sourcecode.swift; path = RestaurantView.swift; sourceTree = "<group>"; };
		AE0641442AB6D09900079E23 /* CategoryView.swift */ = {isa = PBXFileReference; fileEncoding = 4; lastKnownFileType = sourcecode.swift; path = CategoryView.swift; sourceTree = "<group>"; };
		AE0641462AB6D0D600079E23 /* FilterOptionView.swift */ = {isa = PBXFileReference; fileEncoding = 4; lastKnownFileType = sourcecode.swift; path = FilterOptionView.swift; sourceTree = "<group>"; };
		AE0641482AB6D0DD00079E23 /* SearchView.swift */ = {isa = PBXFileReference; fileEncoding = 4; lastKnownFileType = sourcecode.swift; path = SearchView.swift; sourceTree = "<group>"; };
		AE1173A22AB94EC000DAD0FC /* HomeView.swift */ = {isa = PBXFileReference; lastKnownFileType = sourcecode.swift; path = HomeView.swift; sourceTree = "<group>"; };
		AE1173A42AB951D600DAD0FC /* RestaurantCardView.swift */ = {isa = PBXFileReference; lastKnownFileType = sourcecode.swift; path = RestaurantCardView.swift; sourceTree = "<group>"; };
/* End PBXFileReference section */

/* Begin PBXFrameworksBuildPhase section */
		A33B62FF2AAB67E2007A8753 /* Frameworks */ = {
			isa = PBXFrameworksBuildPhase;
			buildActionMask = 2147483647;
			files = (
				18211EF62AB445EF00004F3E /* FirebaseFirestoreCombine-Community in Frameworks */,
				18211EF22AB445EF00004F3E /* FirebaseAuth in Frameworks */,
				18211EF42AB445EF00004F3E /* FirebaseFirestore in Frameworks */,
				18211EFA2AB445EF00004F3E /* FirebaseStorage in Frameworks */,
				18211EFC2AB445EF00004F3E /* FirebaseStorageCombine-Community in Frameworks */,
				18211EF82AB445EF00004F3E /* FirebaseFirestoreSwift in Frameworks */,
			);
			runOnlyForDeploymentPostprocessing = 0;
		};
/* End PBXFrameworksBuildPhase section */

/* Begin PBXGroup section */
		18211EFF2AB4490600004F3E /* ViewModels */ = {
			isa = PBXGroup;
			children = (
				18211F062AB454B900004F3E /* RestaurantViewModel.swift */,
			);
			path = ViewModels;
			sourceTree = "<group>";
		};
		18211F002AB4495400004F3E /* Views */ = {
			isa = PBXGroup;
			children = (
				64B09E732AB6332400C99904 /* RestaurantDetailView.swift */,
				18211F0D2AB4737800004F3E /* ContentView.swift */,
				A3A60F1B2AB62A5400BD8083 /* TestViews */,
				A3A60F162AB6164600BD8083 /* LogInView.swift */,
				A3A60F152AB6164600BD8083 /* SignUpView.swift */,
				64A137E72AB83C8400D798F4 /* ListView.swift */,
				AE1173A22AB94EC000DAD0FC /* HomeView.swift */,
				64A137EB2AB83CBD00D798F4 /* MainView.swift */,
			);
			path = Views;
			sourceTree = "<group>";
		};
		18211F012AB4496700004F3E /* Models */ = {
			isa = PBXGroup;
			children = (
				18211F022AB4523000004F3E /* Restaurant.swift */,
				18211F042AB4538200004F3E /* Review.swift */,
			);
			path = Models;
			sourceTree = "<group>";
		};
		18211F082AB466CD00004F3E /* ViewComponents */ = {
			isa = PBXGroup;
			children = (
				A3A60F132AB6163200BD8083 /* UserView.swift */,
				18211F092AB466E800004F3E /* ImagePicker.swift */,
				AE0641442AB6D09900079E23 /* CategoryView.swift */,
				AE0641462AB6D0D600079E23 /* FilterOptionView.swift */,
				AE0641482AB6D0DD00079E23 /* SearchView.swift */,
				AE1173A42AB951D600DAD0FC /* RestaurantCardView.swift */,
				64A137E92AB83CA600D798F4 /* RatingStarView.swift */,
				64B09E722AB6332400C99904 /* MapView.swift */,
			);
			path = ViewComponents;
			sourceTree = "<group>";
		};
		A33B62F92AAB67E2007A8753 = {
			isa = PBXGroup;
			children = (
				A33B63042AAB67E2007A8753 /* iOS_GroupProject */,
				A33B63032AAB67E2007A8753 /* Products */,
			);
			sourceTree = "<group>";
		};
		A33B63032AAB67E2007A8753 /* Products */ = {
			isa = PBXGroup;
			children = (
				A33B63022AAB67E2007A8753 /* iOS_GroupProject.app */,
			);
			name = Products;
			sourceTree = "<group>";
		};
		A33B63042AAB67E2007A8753 /* iOS_GroupProject */ = {
			isa = PBXGroup;
			children = (
				18211F082AB466CD00004F3E /* ViewComponents */,
				18211F012AB4496700004F3E /* Models */,
				18211F002AB4495400004F3E /* Views */,
				18211EFF2AB4490600004F3E /* ViewModels */,
				A33B63052AAB67E2007A8753 /* iOS_GroupProjectApp.swift */,
				18211EEE2AB444AF00004F3E /* GoogleService-Info.plist */,
				A33B63092AAB67E5007A8753 /* Assets.xcassets */,
				A33B630B2AAB67E5007A8753 /* Preview Content */,
			);
			path = iOS_GroupProject;
			sourceTree = "<group>";
		};
		A33B630B2AAB67E5007A8753 /* Preview Content */ = {
			isa = PBXGroup;
			children = (
				A33B630C2AAB67E5007A8753 /* Preview Assets.xcassets */,
			);
			path = "Preview Content";
			sourceTree = "<group>";
		};
		A3A60F1B2AB62A5400BD8083 /* TestViews */ = {
			isa = PBXGroup;
			children = (
				A3A60F1C2AB62A7200BD8083 /* ImageView.swift */,
				A3A60F1E2AB62A8400BD8083 /* RestaurantView.swift */,
			);
			path = TestViews;
			sourceTree = "<group>";
		};
/* End PBXGroup section */

/* Begin PBXNativeTarget section */
		A33B63012AAB67E2007A8753 /* iOS_GroupProject */ = {
			isa = PBXNativeTarget;
			buildConfigurationList = A33B63102AAB67E5007A8753 /* Build configuration list for PBXNativeTarget "iOS_GroupProject" */;
			buildPhases = (
				A33B62FE2AAB67E2007A8753 /* Sources */,
				A33B62FF2AAB67E2007A8753 /* Frameworks */,
				A33B63002AAB67E2007A8753 /* Resources */,
			);
			buildRules = (
			);
			dependencies = (
			);
			name = iOS_GroupProject;
			packageProductDependencies = (
				18211EF12AB445EF00004F3E /* FirebaseAuth */,
				18211EF32AB445EF00004F3E /* FirebaseFirestore */,
				18211EF52AB445EF00004F3E /* FirebaseFirestoreCombine-Community */,
				18211EF72AB445EF00004F3E /* FirebaseFirestoreSwift */,
				18211EF92AB445EF00004F3E /* FirebaseStorage */,
				18211EFB2AB445EF00004F3E /* FirebaseStorageCombine-Community */,
			);
			productName = iOS_GroupProject;
			productReference = A33B63022AAB67E2007A8753 /* iOS_GroupProject.app */;
			productType = "com.apple.product-type.application";
		};
/* End PBXNativeTarget section */

/* Begin PBXProject section */
		A33B62FA2AAB67E2007A8753 /* Project object */ = {
			isa = PBXProject;
			attributes = {
				BuildIndependentTargetsInParallel = 1;
				LastSwiftUpdateCheck = 1430;
				LastUpgradeCheck = 1430;
				TargetAttributes = {
					A33B63012AAB67E2007A8753 = {
						CreatedOnToolsVersion = 14.3.1;
					};
				};
			};
			buildConfigurationList = A33B62FD2AAB67E2007A8753 /* Build configuration list for PBXProject "iOS_GroupProject" */;
			compatibilityVersion = "Xcode 14.0";
			developmentRegion = en;
			hasScannedForEncodings = 0;
			knownRegions = (
				en,
				Base,
			);
			mainGroup = A33B62F92AAB67E2007A8753;
			packageReferences = (
				18211EF02AB445EF00004F3E /* XCRemoteSwiftPackageReference "firebase-ios-sdk" */,
			);
			productRefGroup = A33B63032AAB67E2007A8753 /* Products */;
			projectDirPath = "";
			projectRoot = "";
			targets = (
				A33B63012AAB67E2007A8753 /* iOS_GroupProject */,
			);
		};
/* End PBXProject section */

/* Begin PBXResourcesBuildPhase section */
		A33B63002AAB67E2007A8753 /* Resources */ = {
			isa = PBXResourcesBuildPhase;
			buildActionMask = 2147483647;
			files = (
				A33B630D2AAB67E5007A8753 /* Preview Assets.xcassets in Resources */,
				A33B630A2AAB67E5007A8753 /* Assets.xcassets in Resources */,
				18211EEF2AB444AF00004F3E /* GoogleService-Info.plist in Resources */,
			);
			runOnlyForDeploymentPostprocessing = 0;
		};
/* End PBXResourcesBuildPhase section */

/* Begin PBXSourcesBuildPhase section */
		A33B62FE2AAB67E2007A8753 /* Sources */ = {
			isa = PBXSourcesBuildPhase;
			buildActionMask = 2147483647;
			files = (
				A3A60F1D2AB62A7200BD8083 /* ImageView.swift in Sources */,
				AE1173A52AB951D600DAD0FC /* RestaurantCardView.swift in Sources */,
				64B09E742AB6332400C99904 /* MapView.swift in Sources */,
				18211F052AB4538200004F3E /* Review.swift in Sources */,
				64B09E752AB6332400C99904 /* RestaurantDetailView.swift in Sources */,
				A3A60F1F2AB62A8400BD8083 /* RestaurantView.swift in Sources */,
				18211F0E2AB4737800004F3E /* ContentView.swift in Sources */,
				18211F072AB454B900004F3E /* RestaurantViewModel.swift in Sources */,
				18211F0A2AB466E800004F3E /* ImagePicker.swift in Sources */,
				64A137E82AB83C8400D798F4 /* ListView.swift in Sources */,
				AE0641452AB6D09900079E23 /* CategoryView.swift in Sources */,
				A3A60F172AB6164600BD8083 /* SignUpView.swift in Sources */,
				AE0641472AB6D0D600079E23 /* FilterOptionView.swift in Sources */,
				A33B63062AAB67E2007A8753 /* iOS_GroupProjectApp.swift in Sources */,
				64A137EC2AB83CBD00D798F4 /* MainView.swift in Sources */,
				AE0641492AB6D0DD00079E23 /* SearchView.swift in Sources */,
				AE1173A32AB94EC000DAD0FC /* HomeView.swift in Sources */,
				64A137EA2AB83CA600D798F4 /* RatingStarView.swift in Sources */,
				A3A60F182AB6164600BD8083 /* LogInView.swift in Sources */,
				18211F032AB4523000004F3E /* Restaurant.swift in Sources */,
				A3A60F142AB6163300BD8083 /* UserView.swift in Sources */,
			);
			runOnlyForDeploymentPostprocessing = 0;
		};
/* End PBXSourcesBuildPhase section */

/* Begin XCBuildConfiguration section */
		A33B630E2AAB67E5007A8753 /* Debug */ = {
			isa = XCBuildConfiguration;
			buildSettings = {
				ALWAYS_SEARCH_USER_PATHS = NO;
				CLANG_ANALYZER_NONNULL = YES;
				CLANG_ANALYZER_NUMBER_OBJECT_CONVERSION = YES_AGGRESSIVE;
				CLANG_CXX_LANGUAGE_STANDARD = "gnu++20";
				CLANG_ENABLE_MODULES = YES;
				CLANG_ENABLE_OBJC_ARC = YES;
				CLANG_ENABLE_OBJC_WEAK = YES;
				CLANG_WARN_BLOCK_CAPTURE_AUTORELEASING = YES;
				CLANG_WARN_BOOL_CONVERSION = YES;
				CLANG_WARN_COMMA = YES;
				CLANG_WARN_CONSTANT_CONVERSION = YES;
				CLANG_WARN_DEPRECATED_OBJC_IMPLEMENTATIONS = YES;
				CLANG_WARN_DIRECT_OBJC_ISA_USAGE = YES_ERROR;
				CLANG_WARN_DOCUMENTATION_COMMENTS = YES;
				CLANG_WARN_EMPTY_BODY = YES;
				CLANG_WARN_ENUM_CONVERSION = YES;
				CLANG_WARN_INFINITE_RECURSION = YES;
				CLANG_WARN_INT_CONVERSION = YES;
				CLANG_WARN_NON_LITERAL_NULL_CONVERSION = YES;
				CLANG_WARN_OBJC_IMPLICIT_RETAIN_SELF = YES;
				CLANG_WARN_OBJC_LITERAL_CONVERSION = YES;
				CLANG_WARN_OBJC_ROOT_CLASS = YES_ERROR;
				CLANG_WARN_QUOTED_INCLUDE_IN_FRAMEWORK_HEADER = YES;
				CLANG_WARN_RANGE_LOOP_ANALYSIS = YES;
				CLANG_WARN_STRICT_PROTOTYPES = YES;
				CLANG_WARN_SUSPICIOUS_MOVE = YES;
				CLANG_WARN_UNGUARDED_AVAILABILITY = YES_AGGRESSIVE;
				CLANG_WARN_UNREACHABLE_CODE = YES;
				CLANG_WARN__DUPLICATE_METHOD_MATCH = YES;
				COPY_PHASE_STRIP = NO;
				DEBUG_INFORMATION_FORMAT = dwarf;
				ENABLE_STRICT_OBJC_MSGSEND = YES;
				ENABLE_TESTABILITY = YES;
				GCC_C_LANGUAGE_STANDARD = gnu11;
				GCC_DYNAMIC_NO_PIC = NO;
				GCC_NO_COMMON_BLOCKS = YES;
				GCC_OPTIMIZATION_LEVEL = 0;
				GCC_PREPROCESSOR_DEFINITIONS = (
					"DEBUG=1",
					"$(inherited)",
				);
				GCC_WARN_64_TO_32_BIT_CONVERSION = YES;
				GCC_WARN_ABOUT_RETURN_TYPE = YES_ERROR;
				GCC_WARN_UNDECLARED_SELECTOR = YES;
				GCC_WARN_UNINITIALIZED_AUTOS = YES_AGGRESSIVE;
				GCC_WARN_UNUSED_FUNCTION = YES;
				GCC_WARN_UNUSED_VARIABLE = YES;
				IPHONEOS_DEPLOYMENT_TARGET = 16.4;
				MTL_ENABLE_DEBUG_INFO = INCLUDE_SOURCE;
				MTL_FAST_MATH = YES;
				ONLY_ACTIVE_ARCH = YES;
				SDKROOT = iphoneos;
				SWIFT_ACTIVE_COMPILATION_CONDITIONS = DEBUG;
				SWIFT_OPTIMIZATION_LEVEL = "-Onone";
			};
			name = Debug;
		};
		A33B630F2AAB67E5007A8753 /* Release */ = {
			isa = XCBuildConfiguration;
			buildSettings = {
				ALWAYS_SEARCH_USER_PATHS = NO;
				CLANG_ANALYZER_NONNULL = YES;
				CLANG_ANALYZER_NUMBER_OBJECT_CONVERSION = YES_AGGRESSIVE;
				CLANG_CXX_LANGUAGE_STANDARD = "gnu++20";
				CLANG_ENABLE_MODULES = YES;
				CLANG_ENABLE_OBJC_ARC = YES;
				CLANG_ENABLE_OBJC_WEAK = YES;
				CLANG_WARN_BLOCK_CAPTURE_AUTORELEASING = YES;
				CLANG_WARN_BOOL_CONVERSION = YES;
				CLANG_WARN_COMMA = YES;
				CLANG_WARN_CONSTANT_CONVERSION = YES;
				CLANG_WARN_DEPRECATED_OBJC_IMPLEMENTATIONS = YES;
				CLANG_WARN_DIRECT_OBJC_ISA_USAGE = YES_ERROR;
				CLANG_WARN_DOCUMENTATION_COMMENTS = YES;
				CLANG_WARN_EMPTY_BODY = YES;
				CLANG_WARN_ENUM_CONVERSION = YES;
				CLANG_WARN_INFINITE_RECURSION = YES;
				CLANG_WARN_INT_CONVERSION = YES;
				CLANG_WARN_NON_LITERAL_NULL_CONVERSION = YES;
				CLANG_WARN_OBJC_IMPLICIT_RETAIN_SELF = YES;
				CLANG_WARN_OBJC_LITERAL_CONVERSION = YES;
				CLANG_WARN_OBJC_ROOT_CLASS = YES_ERROR;
				CLANG_WARN_QUOTED_INCLUDE_IN_FRAMEWORK_HEADER = YES;
				CLANG_WARN_RANGE_LOOP_ANALYSIS = YES;
				CLANG_WARN_STRICT_PROTOTYPES = YES;
				CLANG_WARN_SUSPICIOUS_MOVE = YES;
				CLANG_WARN_UNGUARDED_AVAILABILITY = YES_AGGRESSIVE;
				CLANG_WARN_UNREACHABLE_CODE = YES;
				CLANG_WARN__DUPLICATE_METHOD_MATCH = YES;
				COPY_PHASE_STRIP = NO;
				DEBUG_INFORMATION_FORMAT = "dwarf-with-dsym";
				ENABLE_NS_ASSERTIONS = NO;
				ENABLE_STRICT_OBJC_MSGSEND = YES;
				GCC_C_LANGUAGE_STANDARD = gnu11;
				GCC_NO_COMMON_BLOCKS = YES;
				GCC_WARN_64_TO_32_BIT_CONVERSION = YES;
				GCC_WARN_ABOUT_RETURN_TYPE = YES_ERROR;
				GCC_WARN_UNDECLARED_SELECTOR = YES;
				GCC_WARN_UNINITIALIZED_AUTOS = YES_AGGRESSIVE;
				GCC_WARN_UNUSED_FUNCTION = YES;
				GCC_WARN_UNUSED_VARIABLE = YES;
				IPHONEOS_DEPLOYMENT_TARGET = 16.4;
				MTL_ENABLE_DEBUG_INFO = NO;
				MTL_FAST_MATH = YES;
				SDKROOT = iphoneos;
				SWIFT_COMPILATION_MODE = wholemodule;
				SWIFT_OPTIMIZATION_LEVEL = "-O";
				VALIDATE_PRODUCT = YES;
			};
			name = Release;
		};
		A33B63112AAB67E5007A8753 /* Debug */ = {
			isa = XCBuildConfiguration;
			buildSettings = {
				ASSETCATALOG_COMPILER_APPICON_NAME = AppIcon;
				ASSETCATALOG_COMPILER_GLOBAL_ACCENT_COLOR_NAME = AccentColor;
				CODE_SIGN_STYLE = Automatic;
				CURRENT_PROJECT_VERSION = 1;
				DEVELOPMENT_ASSET_PATHS = "\"iOS_GroupProject/Preview Content\"";
				DEVELOPMENT_TEAM = X75K78C3A4;
				ENABLE_PREVIEWS = YES;
				GENERATE_INFOPLIST_FILE = YES;
				INFOPLIST_KEY_UIApplicationSceneManifest_Generation = YES;
				INFOPLIST_KEY_UIApplicationSupportsIndirectInputEvents = YES;
				INFOPLIST_KEY_UILaunchScreen_Generation = YES;
				INFOPLIST_KEY_UISupportedInterfaceOrientations_iPad = "UIInterfaceOrientationPortrait UIInterfaceOrientationPortraitUpsideDown UIInterfaceOrientationLandscapeLeft UIInterfaceOrientationLandscapeRight";
				INFOPLIST_KEY_UISupportedInterfaceOrientations_iPhone = "UIInterfaceOrientationPortrait UIInterfaceOrientationLandscapeLeft UIInterfaceOrientationLandscapeRight";
				LD_RUNPATH_SEARCH_PATHS = (
					"$(inherited)",
					"@executable_path/Frameworks",
				);
				MARKETING_VERSION = 1.0;
				PRODUCT_BUNDLE_IDENTIFIER = "vn.edu.rmit.iOS-GroupProject";
				PRODUCT_NAME = "$(TARGET_NAME)";
				SUPPORTED_PLATFORMS = "iphoneos iphonesimulator";
				SUPPORTS_MACCATALYST = NO;
				SUPPORTS_MAC_DESIGNED_FOR_IPHONE_IPAD = NO;
				SWIFT_EMIT_LOC_STRINGS = YES;
				SWIFT_VERSION = 5.0;
				TARGETED_DEVICE_FAMILY = "1,2";
			};
			name = Debug;
		};
		A33B63122AAB67E5007A8753 /* Release */ = {
			isa = XCBuildConfiguration;
			buildSettings = {
				ASSETCATALOG_COMPILER_APPICON_NAME = AppIcon;
				ASSETCATALOG_COMPILER_GLOBAL_ACCENT_COLOR_NAME = AccentColor;
				CODE_SIGN_STYLE = Automatic;
				CURRENT_PROJECT_VERSION = 1;
				DEVELOPMENT_ASSET_PATHS = "\"iOS_GroupProject/Preview Content\"";
				DEVELOPMENT_TEAM = X75K78C3A4;
				ENABLE_PREVIEWS = YES;
				GENERATE_INFOPLIST_FILE = YES;
				INFOPLIST_KEY_UIApplicationSceneManifest_Generation = YES;
				INFOPLIST_KEY_UIApplicationSupportsIndirectInputEvents = YES;
				INFOPLIST_KEY_UILaunchScreen_Generation = YES;
				INFOPLIST_KEY_UISupportedInterfaceOrientations_iPad = "UIInterfaceOrientationPortrait UIInterfaceOrientationPortraitUpsideDown UIInterfaceOrientationLandscapeLeft UIInterfaceOrientationLandscapeRight";
				INFOPLIST_KEY_UISupportedInterfaceOrientations_iPhone = "UIInterfaceOrientationPortrait UIInterfaceOrientationLandscapeLeft UIInterfaceOrientationLandscapeRight";
				LD_RUNPATH_SEARCH_PATHS = (
					"$(inherited)",
					"@executable_path/Frameworks",
				);
				MARKETING_VERSION = 1.0;
				PRODUCT_BUNDLE_IDENTIFIER = "vn.edu.rmit.iOS-GroupProject";
				PRODUCT_NAME = "$(TARGET_NAME)";
				SUPPORTED_PLATFORMS = "iphoneos iphonesimulator";
				SUPPORTS_MACCATALYST = NO;
				SUPPORTS_MAC_DESIGNED_FOR_IPHONE_IPAD = NO;
				SWIFT_EMIT_LOC_STRINGS = YES;
				SWIFT_VERSION = 5.0;
				TARGETED_DEVICE_FAMILY = "1,2";
			};
			name = Release;
		};
/* End XCBuildConfiguration section */

/* Begin XCConfigurationList section */
		A33B62FD2AAB67E2007A8753 /* Build configuration list for PBXProject "iOS_GroupProject" */ = {
			isa = XCConfigurationList;
			buildConfigurations = (
				A33B630E2AAB67E5007A8753 /* Debug */,
				A33B630F2AAB67E5007A8753 /* Release */,
			);
			defaultConfigurationIsVisible = 0;
			defaultConfigurationName = Release;
		};
		A33B63102AAB67E5007A8753 /* Build configuration list for PBXNativeTarget "iOS_GroupProject" */ = {
			isa = XCConfigurationList;
			buildConfigurations = (
				A33B63112AAB67E5007A8753 /* Debug */,
				A33B63122AAB67E5007A8753 /* Release */,
			);
			defaultConfigurationIsVisible = 0;
			defaultConfigurationName = Release;
		};
/* End XCConfigurationList section */

/* Begin XCRemoteSwiftPackageReference section */
		18211EF02AB445EF00004F3E /* XCRemoteSwiftPackageReference "firebase-ios-sdk" */ = {
			isa = XCRemoteSwiftPackageReference;
			repositoryURL = "https://github.com/firebase/firebase-ios-sdk";
			requirement = {
				kind = upToNextMajorVersion;
				minimumVersion = 10.0.0;
			};
		};
/* End XCRemoteSwiftPackageReference section */

/* Begin XCSwiftPackageProductDependency section */
		18211EF12AB445EF00004F3E /* FirebaseAuth */ = {
			isa = XCSwiftPackageProductDependency;
			package = 18211EF02AB445EF00004F3E /* XCRemoteSwiftPackageReference "firebase-ios-sdk" */;
			productName = FirebaseAuth;
		};
		18211EF32AB445EF00004F3E /* FirebaseFirestore */ = {
			isa = XCSwiftPackageProductDependency;
			package = 18211EF02AB445EF00004F3E /* XCRemoteSwiftPackageReference "firebase-ios-sdk" */;
			productName = FirebaseFirestore;
		};
		18211EF52AB445EF00004F3E /* FirebaseFirestoreCombine-Community */ = {
			isa = XCSwiftPackageProductDependency;
			package = 18211EF02AB445EF00004F3E /* XCRemoteSwiftPackageReference "firebase-ios-sdk" */;
			productName = "FirebaseFirestoreCombine-Community";
		};
		18211EF72AB445EF00004F3E /* FirebaseFirestoreSwift */ = {
			isa = XCSwiftPackageProductDependency;
			package = 18211EF02AB445EF00004F3E /* XCRemoteSwiftPackageReference "firebase-ios-sdk" */;
			productName = FirebaseFirestoreSwift;
		};
		18211EF92AB445EF00004F3E /* FirebaseStorage */ = {
			isa = XCSwiftPackageProductDependency;
			package = 18211EF02AB445EF00004F3E /* XCRemoteSwiftPackageReference "firebase-ios-sdk" */;
			productName = FirebaseStorage;
		};
		18211EFB2AB445EF00004F3E /* FirebaseStorageCombine-Community */ = {
			isa = XCSwiftPackageProductDependency;
			package = 18211EF02AB445EF00004F3E /* XCRemoteSwiftPackageReference "firebase-ios-sdk" */;
			productName = "FirebaseStorageCombine-Community";
		};
/* End XCSwiftPackageProductDependency section */
	};
	rootObject = A33B62FA2AAB67E2007A8753 /* Project object */;
}
